
Microsoft Visual Studio Solution File, Format Version 12.00
# Visual Studio Version 16
VisualStudioVersion = 16.0.29519.161
MinimumVisualStudioVersion = 10.0.40219.1
Project("{FAE04EC0-301F-11D3-BF4B-00C04F79EFBC}") = "UnitTest", "UnitTest\UnitTest.csproj", "{9713D7E7-B3D9-4E80-9372-A853820EA162}"
EndProject
Project("{FAE04EC0-301F-11D3-BF4B-00C04F79EFBC}") = "TrafficFlow", "TrafficFlow\TrafficFlow.csproj", "{5E9657FF-FC7A-495E-8BFD-032C77FCCA0B}"
EndProject
Project("{F2A71F9B-5D33-465A-A702-920D77279786}") = "SalexTaxes_F", "SalexTaxes_F\SalexTaxes_F.fsproj", "{1389536B-C062-4D4F-8717-F6F1266D5771}"
EndProject
Project("{F2A71F9B-5D33-465A-A702-920D77279786}") = "TrafficFlow_F", "TrafficFlow_F\TrafficFlow_F.fsproj", "{F41B7284-1AEB-455C-A878-E4D17A8159E5}"
EndProject
Project("{FAE04EC0-301F-11D3-BF4B-00C04F79EFBC}") = "SalesTaxes", "Salex_Tax\SalesTaxes.csproj", "{CFDBAF48-C018-4085-A558-6E343273A8C8}"
EndProject
Global
	GlobalSection(SolutionConfigurationPlatforms) = preSolution
		Debug|Any CPU = Debug|Any CPU
		Release|Any CPU = Release|Any CPU
	EndGlobalSection
	GlobalSection(ProjectConfigurationPlatforms) = postSolution
		{9713D7E7-B3D9-4E80-9372-A853820EA162}.Debug|Any CPU.ActiveCfg = Debug|Any CPU
		{9713D7E7-B3D9-4E80-9372-A853820EA162}.Debug|Any CPU.Build.0 = Debug|Any CPU
		{9713D7E7-B3D9-4E80-9372-A853820EA162}.Release|Any CPU.ActiveCfg = Release|Any CPU
		{9713D7E7-B3D9-4E80-9372-A853820EA162}.Release|Any CPU.Build.0 = Release|Any CPU
		{5E9657FF-FC7A-495E-8BFD-032C77FCCA0B}.Debug|Any CPU.ActiveCfg = Debug|Any CPU
		{5E9657FF-FC7A-495E-8BFD-032C77FCCA0B}.Debug|Any CPU.Build.0 = Debug|Any CPU
		{5E9657FF-FC7A-495E-8BFD-032C77FCCA0B}.Release|Any CPU.ActiveCfg = Release|Any CPU
		{5E9657FF-FC7A-495E-8BFD-032C77FCCA0B}.Release|Any CPU.Build.0 = Release|Any CPU
		{1389536B-C062-4D4F-8717-F6F1266D5771}.Debug|Any CPU.ActiveCfg = Debug|Any CPU
		{1389536B-C062-4D4F-8717-F6F1266D5771}.Debug|Any CPU.Build.0 = Debug|Any CPU
		{1389536B-C062-4D4F-8717-F6F1266D5771}.Release|Any CPU.ActiveCfg = Release|Any CPU
		{1389536B-C062-4D4F-8717-F6F1266D5771}.Release|Any CPU.Build.0 = Release|Any CPU
		{F41B7284-1AEB-455C-A878-E4D17A8159E5}.Debug|Any CPU.ActiveCfg = Debug|Any CPU
		{F41B7284-1AEB-455C-A878-E4D17A8159E5}.Debug|Any CPU.Build.0 = Debug|Any CPU
		{F41B7284-1AEB-455C-A878-E4D17A8159E5}.Release|Any CPU.ActiveCfg = Release|Any CPU
		{F41B7284-1AEB-455C-A878-E4D17A8159E5}.Release|Any CPU.Build.0 = Release|Any CPU
		{CFDBAF48-C018-4085-A558-6E343273A8C8}.Debug|Any CPU.ActiveCfg = Debug|Any CPU
		{CFDBAF48-C018-4085-A558-6E343273A8C8}.Debug|Any CPU.Build.0 = Debug|Any CPU
		{CFDBAF48-C018-4085-A558-6E343273A8C8}.Release|Any CPU.ActiveCfg = Release|Any CPU
		{CFDBAF48-C018-4085-A558-6E343273A8C8}.Release|Any CPU.Build.0 = Release|Any CPU
	EndGlobalSection
	GlobalSection(SolutionProperties) = preSolution
		HideSolutionNode = FALSE
	EndGlobalSection
	GlobalSection(ExtensibilityGlobals) = postSolution
		SolutionGuid = {D65655EE-444D-4813-A15A-9ACD22994B4D}
	EndGlobalSection
EndGlobal
